
Microsoft Visual Studio Solution File, Format Version 12.00
# Visual Studio 15
VisualStudioVersion = 15.0.27428.2037
MinimumVisualStudioVersion = 10.0.40219.1
Project("{FAE04EC0-301F-11D3-BF4B-00C04F79EFBC}") = "Trip", "Trip\Trip.csproj", "{A40C500E-5B6E-49B5-90C9-66560F20422F}"
EndProject
Global
	GlobalSection(SolutionConfigurationPlatforms) = preSolution
		Debug|Any CPU = Debug|Any CPU
		Release|Any CPU = Release|Any CPU
	EndGlobalSection
	GlobalSection(ProjectConfigurationPlatforms) = postSolution
		{A40C500E-5B6E-49B5-90C9-66560F20422F}.Debug|Any CPU.ActiveCfg = Debug|Any CPU
		{A40C500E-5B6E-49B5-90C9-66560F20422F}.Debug|Any CPU.Build.0 = Debug|Any CPU
		{A40C500E-5B6E-49B5-90C9-66560F20422F}.Release|Any CPU.ActiveCfg = Release|Any CPU
		{A40C500E-5B6E-49B5-90C9-66560F20422F}.Release|Any CPU.Build.0 = Release|Any CPU
	EndGlobalSection
	GlobalSection(SolutionProperties) = preSolution
		HideSolutionNode = FALSE
	EndGlobalSection
	GlobalSection(ExtensibilityGlobals) = postSolution
		SolutionGuid = {29C05C0C-1556-4B7C-B15B-2B9FD3FB2C3E}
	EndGlobalSection
EndGlobal
