
Microsoft Visual Studio Solution File, Format Version 12.00
# Visual Studio 15
VisualStudioVersion = 15.0.27703.2047
MinimumVisualStudioVersion = 10.0.40219.1
Project("{888888A0-9F3D-457C-B088-3A5042F75D52}") = "LibrarySystem", "LibrarySystem\LibrarySystem.pyproj", "{CA989859-83E6-430C-8FA0-FC17CE8C5B69}"
EndProject
Global
	GlobalSection(SolutionConfigurationPlatforms) = preSolution
		Debug|Any CPU = Debug|Any CPU
		Release|Any CPU = Release|Any CPU
	EndGlobalSection
	GlobalSection(ProjectConfigurationPlatforms) = postSolution
		{CA989859-83E6-430C-8FA0-FC17CE8C5B69}.Debug|Any CPU.ActiveCfg = Debug|Any CPU
		{CA989859-83E6-430C-8FA0-FC17CE8C5B69}.Release|Any CPU.ActiveCfg = Release|Any CPU
	EndGlobalSection
	GlobalSection(SolutionProperties) = preSolution
		HideSolutionNode = FALSE
	EndGlobalSection
	GlobalSection(ExtensibilityGlobals) = postSolution
		SolutionGuid = {9A426490-5D96-426E-A3C0-C668EA530D1F}
	EndGlobalSection
EndGlobal
